
Microsoft Visual Studio Solution File, Format Version 12.00
# Visual Studio Version 16
VisualStudioVersion = 16.0.31129.286
MinimumVisualStudioVersion = 10.0.40219.1
Project("{FAE04EC0-301F-11D3-BF4B-00C04F79EFBC}") = "CRUDWebFormVue", "CRUDWebFormVue\CRUDWebFormVue.csproj", "{28B88510-EE1A-42FC-A7A6-6C2A12B5CA29}"
EndProject
Global
	GlobalSection(SolutionConfigurationPlatforms) = preSolution
		Debug|Any CPU = Debug|Any CPU
		Release|Any CPU = Release|Any CPU
	EndGlobalSection
	GlobalSection(ProjectConfigurationPlatforms) = postSolution
		{28B88510-EE1A-42FC-A7A6-6C2A12B5CA29}.Debug|Any CPU.ActiveCfg = Debug|Any CPU
		{28B88510-EE1A-42FC-A7A6-6C2A12B5CA29}.Debug|Any CPU.Build.0 = Debug|Any CPU
		{28B88510-EE1A-42FC-A7A6-6C2A12B5CA29}.Release|Any CPU.ActiveCfg = Release|Any CPU
		{28B88510-EE1A-42FC-A7A6-6C2A12B5CA29}.Release|Any CPU.Build.0 = Release|Any CPU
	EndGlobalSection
	GlobalSection(SolutionProperties) = preSolution
		HideSolutionNode = FALSE
	EndGlobalSection
	GlobalSection(ExtensibilityGlobals) = postSolution
		SolutionGuid = {DB34945B-554B-4DD1-AF8A-EC6911495243}
	EndGlobalSection
EndGlobal
